{
    "name": "@github/copilot-language-server",
    "version": "1.469.0",
    "lockfileVersion": 3,
    "requires": true,
    "packages": {
        "": {
            "name": "@github/copilot-language-server",
            "version": "1.469.0",
            "license": "MIT",
            "dependencies": {
                "vscode-languageserver-protocol": "^3.17.5"
            },
            "bin": {
                "copilot-language-server": "dist/language-server.js"
            },
            "optionalDependencies": {
                "@github/copilot-language-server-darwin-arm64": "1.469.0",
                "@github/copilot-language-server-darwin-x64": "1.469.0",
                "@github/copilot-language-server-linux-arm64": "1.469.0",
                "@github/copilot-language-server-linux-x64": "1.469.0",
                "@github/copilot-language-server-win32-arm64": "1.469.0",
                "@github/copilot-language-server-win32-x64": "1.469.0"
            }
        },
        "node_modules/@github/copilot-language-server-darwin-arm64": {
            "version": "1.469.0",
            "resolved": "https://registry.npmjs.org/@github/copilot-language-server-darwin-arm64/-/copilot-language-server-darwin-arm64-1.469.0.tgz",
            "integrity": "sha512-zGGfuxPl3yThtDD4JYn96EYcNAT5esLQ1KWSbkml2LShTUrRSTNB+0sOPdYrtxUUL97BSTDye09tW0lEJcThJQ==",
            "cpu": [
                "arm64"
            ],
            "license": "MIT",
            "optional": true,
            "os": [
                "darwin"
            ]
        },
        "node_modules/@github/copilot-language-server-darwin-x64": {
            "version": "1.469.0",
            "resolved": "https://registry.npmjs.org/@github/copilot-language-server-darwin-x64/-/copilot-language-server-darwin-x64-1.469.0.tgz",
            "integrity": "sha512-SY/Cr4+z91W2oIPixM4RZNBjK+7K3yPiAEn4DqsQe3VvDz1eWnHAFWRltmWLt/gMmXOs+Rq503lWaYEiCP0Lgw==",
            "cpu": [
                "x64"
            ],
            "license": "MIT",
            "optional": true,
            "os": [
                "darwin"
            ]
        },
        "node_modules/@github/copilot-language-server-linux-arm64": {
            "version": "1.469.0",
            "resolved": "https://registry.npmjs.org/@github/copilot-language-server-linux-arm64/-/copilot-language-server-linux-arm64-1.469.0.tgz",
            "integrity": "sha512-av9el2bpM37gBy0LdYuGgvvsOuT9lu1z2kWFb6B6GMG/tuo4556x48qwHkZm9YDjTXVgObMT1G2lUpuH+E9pIw==",
            "cpu": [
                "arm64"
            ],
            "license": "MIT",
            "optional": true,
            "os": [
                "linux"
            ]
        },
        "node_modules/@github/copilot-language-server-linux-x64": {
            "version": "1.469.0",
            "resolved": "https://registry.npmjs.org/@github/copilot-language-server-linux-x64/-/copilot-language-server-linux-x64-1.469.0.tgz",
            "integrity": "sha512-YoPQFCeSkrg7PYRY3qxAxqKgDUxs3E+VMRHePduu79T50m6HaiTnUVjwcjNSh1jeJg9SdYxvPLQCTU/oqSaPbw==",
            "cpu": [
                "x64"
            ],
            "license": "MIT",
            "optional": true,
            "os": [
                "linux"
            ]
        },
        "node_modules/@github/copilot-language-server-win32-arm64": {
            "version": "1.469.0",
            "resolved": "https://registry.npmjs.org/@github/copilot-language-server-win32-arm64/-/copilot-language-server-win32-arm64-1.469.0.tgz",
            "integrity": "sha512-7gvrSMXT+B3Q8pp9YJ5MX4CiR+826lBuY/IGoEKn7SY89iK6HRdprP74uQW7hv4fjikiyR396O8E3HP9zFBWBg==",
            "cpu": [
                "arm64"
            ],
            "license": "MIT",
            "optional": true,
            "os": [
                "win32"
            ]
        },
        "node_modules/@github/copilot-language-server-win32-x64": {
            "version": "1.469.0",
            "resolved": "https://registry.npmjs.org/@github/copilot-language-server-win32-x64/-/copilot-language-server-win32-x64-1.469.0.tgz",
            "integrity": "sha512-dtgiX4op7ehljkvCyZ9gTKaIDouKP6w/FYZ5Z5QBTSxK9sIvlR7/oUW8jCt+NbzS/5TEWXu+b1Ad+gV0S8+tUA==",
            "cpu": [
                "x64"
            ],
            "license": "MIT",
            "optional": true,
            "os": [
                "win32"
            ]
        },
        "node_modules/vscode-jsonrpc": {
            "version": "8.2.0",
            "resolved": "https://registry.npmjs.org/vscode-jsonrpc/-/vscode-jsonrpc-8.2.0.tgz",
            "integrity": "sha512-C+r0eKJUIfiDIfwJhria30+TYWPtuHJXHtI7J0YlOmKAo7ogxP20T0zxB7HZQIFhIyvoBPwWskjxrvAtfjyZfA==",
            "license": "MIT",
            "engines": {
                "node": ">=14.0.0"
            }
        },
        "node_modules/vscode-languageserver-protocol": {
            "version": "3.17.5",
            "resolved": "https://registry.npmjs.org/vscode-languageserver-protocol/-/vscode-languageserver-protocol-3.17.5.tgz",
            "integrity": "sha512-mb1bvRJN8SVznADSGWM9u/b07H7Ecg0I3OgXDuLdn307rl/J3A9YD6/eYOssqhecL27hK1IPZAsaqh00i/Jljg==",
            "license": "MIT",
            "dependencies": {
                "vscode-jsonrpc": "8.2.0",
                "vscode-languageserver-types": "3.17.5"
            }
        },
        "node_modules/vscode-languageserver-types": {
            "version": "3.17.5",
            "resolved": "https://registry.npmjs.org/vscode-languageserver-types/-/vscode-languageserver-types-3.17.5.tgz",
            "integrity": "sha512-Ld1VelNuX9pdF39h2Hgaeb5hEZM2Z3jUrrMgWQAu82jMtZp7p3vJT3BzToKtZI7NgQssZje5o0zryOrhQvzQAg==",
            "license": "MIT"
        }
    }
}
