{
    "name": "@github/copilot-language-server",
    "version": "1.454.0",
    "lockfileVersion": 3,
    "requires": true,
    "packages": {
        "": {
            "name": "@github/copilot-language-server",
            "version": "1.454.0",
            "license": "MIT",
            "dependencies": {
                "vscode-languageserver-protocol": "^3.17.5"
            },
            "bin": {
                "copilot-language-server": "dist/language-server.js"
            },
            "optionalDependencies": {
                "@github/copilot-language-server-darwin-arm64": "1.454.0",
                "@github/copilot-language-server-darwin-x64": "1.454.0",
                "@github/copilot-language-server-linux-arm64": "1.454.0",
                "@github/copilot-language-server-linux-x64": "1.454.0",
                "@github/copilot-language-server-win32-arm64": "1.454.0",
                "@github/copilot-language-server-win32-x64": "1.454.0"
            }
        },
        "node_modules/@github/copilot-language-server-darwin-arm64": {
            "version": "1.454.0",
            "resolved": "https://registry.npmjs.org/@github/copilot-language-server-darwin-arm64/-/copilot-language-server-darwin-arm64-1.454.0.tgz",
            "integrity": "sha512-y0WfbSho61W03Tjam9xfprS4LQE4r/f3KeZwzjKUD6TdzNZH539Dzie4YPhTfSR/gglV9eGOEOuMfJrTsboDKA==",
            "cpu": [
                "arm64"
            ],
            "license": "MIT",
            "optional": true,
            "os": [
                "darwin"
            ]
        },
        "node_modules/@github/copilot-language-server-darwin-x64": {
            "version": "1.454.0",
            "resolved": "https://registry.npmjs.org/@github/copilot-language-server-darwin-x64/-/copilot-language-server-darwin-x64-1.454.0.tgz",
            "integrity": "sha512-uFuvVIv+nrJG5T6TJvXt/GQhsLC52yFT7MKWYRis9g/+6I/2Mjc/NLBr9LgweYbr067DCYMbaeZ+v/RxZlHHaQ==",
            "cpu": [
                "x64"
            ],
            "license": "MIT",
            "optional": true,
            "os": [
                "darwin"
            ]
        },
        "node_modules/@github/copilot-language-server-linux-arm64": {
            "version": "1.454.0",
            "resolved": "https://registry.npmjs.org/@github/copilot-language-server-linux-arm64/-/copilot-language-server-linux-arm64-1.454.0.tgz",
            "integrity": "sha512-pUpiNrAU92JwyAl6tbp7ZRlJisZW5dbZ+naIynykxoBSpZE+gBOYoZEjqEO4G3kc2aqmNI4KqXLqyawG/28pQA==",
            "cpu": [
                "arm64"
            ],
            "license": "MIT",
            "optional": true,
            "os": [
                "linux"
            ]
        },
        "node_modules/@github/copilot-language-server-linux-x64": {
            "version": "1.454.0",
            "resolved": "https://registry.npmjs.org/@github/copilot-language-server-linux-x64/-/copilot-language-server-linux-x64-1.454.0.tgz",
            "integrity": "sha512-6MdotxE3K3URBHTCFFhF5jxrP5OEU4ju4kwk+YLmniUT8FoUIXv4NBwuFeAp9WUWIoSu2LWCmi1UFEM3MLTWjA==",
            "cpu": [
                "x64"
            ],
            "license": "MIT",
            "optional": true,
            "os": [
                "linux"
            ]
        },
        "node_modules/@github/copilot-language-server-win32-arm64": {
            "version": "1.454.0",
            "resolved": "https://registry.npmjs.org/@github/copilot-language-server-win32-arm64/-/copilot-language-server-win32-arm64-1.454.0.tgz",
            "integrity": "sha512-sogGKR6K6JgOvYe/rA6mNyR1rHBsSVIXZso8nmrTBJYkLPImsbgZw/ZaKPaTpNUTI2WI2Q7z+yQ8HB4LLUszlg==",
            "cpu": [
                "arm64"
            ],
            "license": "MIT",
            "optional": true,
            "os": [
                "win32"
            ]
        },
        "node_modules/@github/copilot-language-server-win32-x64": {
            "version": "1.454.0",
            "resolved": "https://registry.npmjs.org/@github/copilot-language-server-win32-x64/-/copilot-language-server-win32-x64-1.454.0.tgz",
            "integrity": "sha512-mrYshVOMKmPK4h8AibZ2bMcZdqGEbyRxG1ZpOfdtZp1GhxmTKBRMikHL0IN2smG3PfrX+QuEza5bJQuyPyP7AQ==",
            "cpu": [
                "x64"
            ],
            "license": "MIT",
            "optional": true,
            "os": [
                "win32"
            ]
        },
        "node_modules/vscode-jsonrpc": {
            "version": "8.2.0",
            "resolved": "https://registry.npmjs.org/vscode-jsonrpc/-/vscode-jsonrpc-8.2.0.tgz",
            "integrity": "sha512-C+r0eKJUIfiDIfwJhria30+TYWPtuHJXHtI7J0YlOmKAo7ogxP20T0zxB7HZQIFhIyvoBPwWskjxrvAtfjyZfA==",
            "license": "MIT",
            "engines": {
                "node": ">=14.0.0"
            }
        },
        "node_modules/vscode-languageserver-protocol": {
            "version": "3.17.5",
            "resolved": "https://registry.npmjs.org/vscode-languageserver-protocol/-/vscode-languageserver-protocol-3.17.5.tgz",
            "integrity": "sha512-mb1bvRJN8SVznADSGWM9u/b07H7Ecg0I3OgXDuLdn307rl/J3A9YD6/eYOssqhecL27hK1IPZAsaqh00i/Jljg==",
            "license": "MIT",
            "dependencies": {
                "vscode-jsonrpc": "8.2.0",
                "vscode-languageserver-types": "3.17.5"
            }
        },
        "node_modules/vscode-languageserver-types": {
            "version": "3.17.5",
            "resolved": "https://registry.npmjs.org/vscode-languageserver-types/-/vscode-languageserver-types-3.17.5.tgz",
            "integrity": "sha512-Ld1VelNuX9pdF39h2Hgaeb5hEZM2Z3jUrrMgWQAu82jMtZp7p3vJT3BzToKtZI7NgQssZje5o0zryOrhQvzQAg==",
            "license": "MIT"
        }
    }
}
