{
    "name": "@github/copilot-language-server",
    "version": "1.462.0",
    "lockfileVersion": 3,
    "requires": true,
    "packages": {
        "": {
            "name": "@github/copilot-language-server",
            "version": "1.462.0",
            "license": "MIT",
            "dependencies": {
                "vscode-languageserver-protocol": "^3.17.5"
            },
            "bin": {
                "copilot-language-server": "dist/language-server.js"
            },
            "optionalDependencies": {
                "@github/copilot-language-server-darwin-arm64": "1.462.0",
                "@github/copilot-language-server-darwin-x64": "1.462.0",
                "@github/copilot-language-server-linux-arm64": "1.462.0",
                "@github/copilot-language-server-linux-x64": "1.462.0",
                "@github/copilot-language-server-win32-arm64": "1.462.0",
                "@github/copilot-language-server-win32-x64": "1.462.0"
            }
        },
        "node_modules/@github/copilot-language-server-darwin-arm64": {
            "version": "1.462.0",
            "resolved": "https://registry.npmjs.org/@github/copilot-language-server-darwin-arm64/-/copilot-language-server-darwin-arm64-1.462.0.tgz",
            "integrity": "sha512-GMGWJ/QJYeFiKNEzQgR8E0582QSk+mKh+zZrpX+ZsJR3Mjd4PoETmGIdzNwK2yXxu3xzrdfe0CQ/UJ+u1/3fxQ==",
            "cpu": [
                "arm64"
            ],
            "license": "MIT",
            "optional": true,
            "os": [
                "darwin"
            ]
        },
        "node_modules/@github/copilot-language-server-darwin-x64": {
            "version": "1.462.0",
            "resolved": "https://registry.npmjs.org/@github/copilot-language-server-darwin-x64/-/copilot-language-server-darwin-x64-1.462.0.tgz",
            "integrity": "sha512-VCaPSTmTKHnSsWodn9LlsYLPSUGG5eVV0+uesOH39NDE+HoTZKrMY4aFpes9kMzCuGfQsLtqKDtEqEOLDF65Wg==",
            "cpu": [
                "x64"
            ],
            "license": "MIT",
            "optional": true,
            "os": [
                "darwin"
            ]
        },
        "node_modules/@github/copilot-language-server-linux-arm64": {
            "version": "1.462.0",
            "resolved": "https://registry.npmjs.org/@github/copilot-language-server-linux-arm64/-/copilot-language-server-linux-arm64-1.462.0.tgz",
            "integrity": "sha512-LvCbyDVqr2h7WBn5H3VcXsbEvguUsdrlaFzSeD/3PjPgfNFGlLKW7yJ/G9c6V8Aq6seRHfF6uGjKIvtQDCbfow==",
            "cpu": [
                "arm64"
            ],
            "license": "MIT",
            "optional": true,
            "os": [
                "linux"
            ]
        },
        "node_modules/@github/copilot-language-server-linux-x64": {
            "version": "1.462.0",
            "resolved": "https://registry.npmjs.org/@github/copilot-language-server-linux-x64/-/copilot-language-server-linux-x64-1.462.0.tgz",
            "integrity": "sha512-6A7GRLSbMu2vHPgkTBgbhlc6tn4uBC9Oap381d3MrhDhtThAJfH8iBenbF8JJ5eazzbwIIl7uLeT8Mw+aa9nng==",
            "cpu": [
                "x64"
            ],
            "license": "MIT",
            "optional": true,
            "os": [
                "linux"
            ]
        },
        "node_modules/@github/copilot-language-server-win32-arm64": {
            "version": "1.462.0",
            "resolved": "https://registry.npmjs.org/@github/copilot-language-server-win32-arm64/-/copilot-language-server-win32-arm64-1.462.0.tgz",
            "integrity": "sha512-UjSW87gqTMcBt8IfRQpc2vus0ODZj6J6AQbqwmc2LF2PSkx2eP/5DjBne2EkvzHizsWr9zr+Ce22akwya90VqQ==",
            "cpu": [
                "arm64"
            ],
            "license": "MIT",
            "optional": true,
            "os": [
                "win32"
            ]
        },
        "node_modules/@github/copilot-language-server-win32-x64": {
            "version": "1.462.0",
            "resolved": "https://registry.npmjs.org/@github/copilot-language-server-win32-x64/-/copilot-language-server-win32-x64-1.462.0.tgz",
            "integrity": "sha512-DZIa6qu4xjzb5OVyE4ZOnQh5DSawClV0Q9Ht7l7EhbZRwSANQdNmRO+QZY9m+426NS1evGZRxV8/7F9iMAEyAg==",
            "cpu": [
                "x64"
            ],
            "license": "MIT",
            "optional": true,
            "os": [
                "win32"
            ]
        },
        "node_modules/vscode-jsonrpc": {
            "version": "8.2.0",
            "resolved": "https://registry.npmjs.org/vscode-jsonrpc/-/vscode-jsonrpc-8.2.0.tgz",
            "integrity": "sha512-C+r0eKJUIfiDIfwJhria30+TYWPtuHJXHtI7J0YlOmKAo7ogxP20T0zxB7HZQIFhIyvoBPwWskjxrvAtfjyZfA==",
            "license": "MIT",
            "engines": {
                "node": ">=14.0.0"
            }
        },
        "node_modules/vscode-languageserver-protocol": {
            "version": "3.17.5",
            "resolved": "https://registry.npmjs.org/vscode-languageserver-protocol/-/vscode-languageserver-protocol-3.17.5.tgz",
            "integrity": "sha512-mb1bvRJN8SVznADSGWM9u/b07H7Ecg0I3OgXDuLdn307rl/J3A9YD6/eYOssqhecL27hK1IPZAsaqh00i/Jljg==",
            "license": "MIT",
            "dependencies": {
                "vscode-jsonrpc": "8.2.0",
                "vscode-languageserver-types": "3.17.5"
            }
        },
        "node_modules/vscode-languageserver-types": {
            "version": "3.17.5",
            "resolved": "https://registry.npmjs.org/vscode-languageserver-types/-/vscode-languageserver-types-3.17.5.tgz",
            "integrity": "sha512-Ld1VelNuX9pdF39h2Hgaeb5hEZM2Z3jUrrMgWQAu82jMtZp7p3vJT3BzToKtZI7NgQssZje5o0zryOrhQvzQAg==",
            "license": "MIT"
        }
    }
}
