{
  "name": "agent-browser",
  "version": "0.23.4",
  "lockfileVersion": 3,
  "requires": true,
  "packages": {
    "": {
      "name": "agent-browser",
      "version": "0.23.4",
      "hasInstallScript": true,
      "license": "Apache-2.0",
      "bin": {
        "agent-browser": "bin/agent-browser.js"
      },
      "devDependencies": {}
    }
  }
}
